// !$*UTF8*$!
{
	archiveVersion = 1;
	classes = {
	};
	objectVersion = 48;
	objects = {

/* Begin PBXBuildFile section */
		113326CD2080FDCE006540BA /* SavedMemesCollectionViewController.swift in Sources */ = {isa = PBXBuildFile; fileRef = 113326CC2080FDCE006540BA /* SavedMemesCollectionViewController.swift */; };
		113326CF2080FDE4006540BA /* SavedMemesTableViewController.swift in Sources */ = {isa = PBXBuildFile; fileRef = 113326CE2080FDE4006540BA /* SavedMemesTableViewController.swift */; };
		113326D120810A8F006540BA /* SavedMemeCollectionViewCell.swift in Sources */ = {isa = PBXBuildFile; fileRef = 113326D020810A8F006540BA /* SavedMemeCollectionViewCell.swift */; };
<<<<<<< Updated upstream
		119D7CE82087C25A0059287F /* SavedMemeTableViewCell.swift in Sources */ = {isa = PBXBuildFile; fileRef = 119D7CE72087C25A0059287F /* SavedMemeTableViewCell.swift */; };
		119D7CEA2087E8640059287F /* MemeDetailViewController.swift in Sources */ = {isa = PBXBuildFile; fileRef = 119D7CE92087E8640059287F /* MemeDetailViewController.swift */; };
=======
		FB7441102086CA8100A0AA9F /* CollectionViewController.swift in Sources */ = {isa = PBXBuildFile; fileRef = FB74410F2086CA8100A0AA9F /* CollectionViewController.swift */; };
>>>>>>> Stashed changes
		FBA4C46720374748008B8FDA /* AppDelegate.swift in Sources */ = {isa = PBXBuildFile; fileRef = FBA4C46620374748008B8FDA /* AppDelegate.swift */; };
		FBA4C46920374748008B8FDA /* MemeEditorViewController.swift in Sources */ = {isa = PBXBuildFile; fileRef = FBA4C46820374748008B8FDA /* MemeEditorViewController.swift */; };
		FBA4C46C20374748008B8FDA /* Main.storyboard in Resources */ = {isa = PBXBuildFile; fileRef = FBA4C46A20374748008B8FDA /* Main.storyboard */; };
		FBA4C46E20374748008B8FDA /* Assets.xcassets in Resources */ = {isa = PBXBuildFile; fileRef = FBA4C46D20374748008B8FDA /* Assets.xcassets */; };
		FBA4C47120374748008B8FDA /* LaunchScreen.storyboard in Resources */ = {isa = PBXBuildFile; fileRef = FBA4C46F20374748008B8FDA /* LaunchScreen.storyboard */; };
		FBBE6FF720619FC8001F3018 /* Meme.swift in Sources */ = {isa = PBXBuildFile; fileRef = FBBE6FF620619FC8001F3018 /* Meme.swift */; };
		FBBE6FF92061A129001F3018 /* SavedMemes.swift in Sources */ = {isa = PBXBuildFile; fileRef = FBBE6FF82061A129001F3018 /* SavedMemes.swift */; };
/* End PBXBuildFile section */

/* Begin PBXFileReference section */
		113326CC2080FDCE006540BA /* SavedMemesCollectionViewController.swift */ = {isa = PBXFileReference; lastKnownFileType = sourcecode.swift; path = SavedMemesCollectionViewController.swift; sourceTree = "<group>"; };
		113326CE2080FDE4006540BA /* SavedMemesTableViewController.swift */ = {isa = PBXFileReference; lastKnownFileType = sourcecode.swift; path = SavedMemesTableViewController.swift; sourceTree = "<group>"; };
		113326D020810A8F006540BA /* SavedMemeCollectionViewCell.swift */ = {isa = PBXFileReference; lastKnownFileType = sourcecode.swift; path = SavedMemeCollectionViewCell.swift; sourceTree = "<group>"; };
<<<<<<< Updated upstream
		119D7CE72087C25A0059287F /* SavedMemeTableViewCell.swift */ = {isa = PBXFileReference; lastKnownFileType = sourcecode.swift; path = SavedMemeTableViewCell.swift; sourceTree = "<group>"; };
		119D7CE92087E8640059287F /* MemeDetailViewController.swift */ = {isa = PBXFileReference; lastKnownFileType = sourcecode.swift; path = MemeDetailViewController.swift; sourceTree = "<group>"; };
=======
		FB74410F2086CA8100A0AA9F /* CollectionViewController.swift */ = {isa = PBXFileReference; lastKnownFileType = sourcecode.swift; path = CollectionViewController.swift; sourceTree = "<group>"; };
>>>>>>> Stashed changes
		FBA4C46320374748008B8FDA /* MemeMe.app */ = {isa = PBXFileReference; explicitFileType = wrapper.application; includeInIndex = 0; path = MemeMe.app; sourceTree = BUILT_PRODUCTS_DIR; };
		FBA4C46620374748008B8FDA /* AppDelegate.swift */ = {isa = PBXFileReference; lastKnownFileType = sourcecode.swift; path = AppDelegate.swift; sourceTree = "<group>"; };
		FBA4C46820374748008B8FDA /* MemeEditorViewController.swift */ = {isa = PBXFileReference; lastKnownFileType = sourcecode.swift; path = MemeEditorViewController.swift; sourceTree = "<group>"; };
		FBA4C46B20374748008B8FDA /* Base */ = {isa = PBXFileReference; lastKnownFileType = file.storyboard; name = Base; path = Base.lproj/Main.storyboard; sourceTree = "<group>"; };
		FBA4C46D20374748008B8FDA /* Assets.xcassets */ = {isa = PBXFileReference; lastKnownFileType = folder.assetcatalog; path = Assets.xcassets; sourceTree = "<group>"; };
		FBA4C47020374748008B8FDA /* Base */ = {isa = PBXFileReference; lastKnownFileType = file.storyboard; name = Base; path = Base.lproj/LaunchScreen.storyboard; sourceTree = "<group>"; };
		FBA4C47220374748008B8FDA /* Info.plist */ = {isa = PBXFileReference; lastKnownFileType = text.plist.xml; path = Info.plist; sourceTree = "<group>"; };
		FBBE6FF620619FC8001F3018 /* Meme.swift */ = {isa = PBXFileReference; lastKnownFileType = sourcecode.swift; path = Meme.swift; sourceTree = "<group>"; };
		FBBE6FF82061A129001F3018 /* SavedMemes.swift */ = {isa = PBXFileReference; lastKnownFileType = sourcecode.swift; path = SavedMemes.swift; sourceTree = "<group>"; };
/* End PBXFileReference section */

/* Begin PBXFrameworksBuildPhase section */
		FBA4C46020374748008B8FDA /* Frameworks */ = {
			isa = PBXFrameworksBuildPhase;
			buildActionMask = 2147483647;
			files = (
			);
			runOnlyForDeploymentPostprocessing = 0;
		};
/* End PBXFrameworksBuildPhase section */

/* Begin PBXGroup section */
		11345035207EA15400B3EAB2 /* Supporting Files */ = {
			isa = PBXGroup;
			children = (
				113326D020810A8F006540BA /* SavedMemeCollectionViewCell.swift */,
				119D7CE72087C25A0059287F /* SavedMemeTableViewCell.swift */,
				FBBE6FF620619FC8001F3018 /* Meme.swift */,
				FBBE6FF82061A129001F3018 /* SavedMemes.swift */,
				FBA4C46620374748008B8FDA /* AppDelegate.swift */,
				FBA4C46D20374748008B8FDA /* Assets.xcassets */,
				FBA4C46F20374748008B8FDA /* LaunchScreen.storyboard */,
			);
			path = "Supporting Files";
			sourceTree = "<group>";
		};
		FBA4C45A20374747008B8FDA = {
			isa = PBXGroup;
			children = (
				FBA4C46520374748008B8FDA /* MemeMe */,
				FBA4C46420374748008B8FDA /* Products */,
			);
			sourceTree = "<group>";
		};
		FBA4C46420374748008B8FDA /* Products */ = {
			isa = PBXGroup;
			children = (
				FBA4C46320374748008B8FDA /* MemeMe.app */,
			);
			name = Products;
			sourceTree = "<group>";
		};
		FBA4C46520374748008B8FDA /* MemeMe */ = {
			isa = PBXGroup;
			children = (
				FBA4C46820374748008B8FDA /* MemeEditorViewController.swift */,
				113326CC2080FDCE006540BA /* SavedMemesCollectionViewController.swift */,
				FB74410F2086CA8100A0AA9F /* CollectionViewController.swift */,
				113326CE2080FDE4006540BA /* SavedMemesTableViewController.swift */,
				119D7CE92087E8640059287F /* MemeDetailViewController.swift */,
				FBA4C46A20374748008B8FDA /* Main.storyboard */,
				11345035207EA15400B3EAB2 /* Supporting Files */,
				FBA4C47220374748008B8FDA /* Info.plist */,
			);
			path = MemeMe;
			sourceTree = "<group>";
		};
/* End PBXGroup section */

/* Begin PBXNativeTarget section */
		FBA4C46220374748008B8FDA /* MemeMe */ = {
			isa = PBXNativeTarget;
			buildConfigurationList = FBA4C47520374748008B8FDA /* Build configuration list for PBXNativeTarget "MemeMe" */;
			buildPhases = (
				FBA4C45F20374748008B8FDA /* Sources */,
				FBA4C46020374748008B8FDA /* Frameworks */,
				FBA4C46120374748008B8FDA /* Resources */,
			);
			buildRules = (
			);
			dependencies = (
			);
			name = MemeMe;
			productName = MemeMe;
			productReference = FBA4C46320374748008B8FDA /* MemeMe.app */;
			productType = "com.apple.product-type.application";
		};
/* End PBXNativeTarget section */

/* Begin PBXProject section */
		FBA4C45B20374747008B8FDA /* Project object */ = {
			isa = PBXProject;
			attributes = {
				LastSwiftUpdateCheck = 0920;
				LastUpgradeCheck = 0920;
				ORGANIZATIONNAME = Shannon;
				TargetAttributes = {
					FBA4C46220374748008B8FDA = {
						CreatedOnToolsVersion = 9.2;
						ProvisioningStyle = Automatic;
					};
				};
			};
			buildConfigurationList = FBA4C45E20374747008B8FDA /* Build configuration list for PBXProject "MemeMe" */;
			compatibilityVersion = "Xcode 8.0";
			developmentRegion = en;
			hasScannedForEncodings = 0;
			knownRegions = (
				en,
				Base,
			);
			mainGroup = FBA4C45A20374747008B8FDA;
			productRefGroup = FBA4C46420374748008B8FDA /* Products */;
			projectDirPath = "";
			projectRoot = "";
			targets = (
				FBA4C46220374748008B8FDA /* MemeMe */,
			);
		};
/* End PBXProject section */

/* Begin PBXResourcesBuildPhase section */
		FBA4C46120374748008B8FDA /* Resources */ = {
			isa = PBXResourcesBuildPhase;
			buildActionMask = 2147483647;
			files = (
				FBA4C47120374748008B8FDA /* LaunchScreen.storyboard in Resources */,
				FBA4C46E20374748008B8FDA /* Assets.xcassets in Resources */,
				FBA4C46C20374748008B8FDA /* Main.storyboard in Resources */,
			);
			runOnlyForDeploymentPostprocessing = 0;
		};
/* End PBXResourcesBuildPhase section */

/* Begin PBXSourcesBuildPhase section */
		FBA4C45F20374748008B8FDA /* Sources */ = {
			isa = PBXSourcesBuildPhase;
			buildActionMask = 2147483647;
			files = (
				119D7CEA2087E8640059287F /* MemeDetailViewController.swift in Sources */,
				FBBE6FF720619FC8001F3018 /* Meme.swift in Sources */,
				119D7CE82087C25A0059287F /* SavedMemeTableViewCell.swift in Sources */,
				113326CD2080FDCE006540BA /* SavedMemesCollectionViewController.swift in Sources */,
				FBBE6FF92061A129001F3018 /* SavedMemes.swift in Sources */,
				FBA4C46920374748008B8FDA /* MemeEditorViewController.swift in Sources */,
				FB7441102086CA8100A0AA9F /* CollectionViewController.swift in Sources */,
				113326D120810A8F006540BA /* SavedMemeCollectionViewCell.swift in Sources */,
				FBA4C46720374748008B8FDA /* AppDelegate.swift in Sources */,
				113326CF2080FDE4006540BA /* SavedMemesTableViewController.swift in Sources */,
			);
			runOnlyForDeploymentPostprocessing = 0;
		};
/* End PBXSourcesBuildPhase section */

/* Begin PBXVariantGroup section */
		FBA4C46A20374748008B8FDA /* Main.storyboard */ = {
			isa = PBXVariantGroup;
			children = (
				FBA4C46B20374748008B8FDA /* Base */,
			);
			name = Main.storyboard;
			sourceTree = "<group>";
		};
		FBA4C46F20374748008B8FDA /* LaunchScreen.storyboard */ = {
			isa = PBXVariantGroup;
			children = (
				FBA4C47020374748008B8FDA /* Base */,
			);
			name = LaunchScreen.storyboard;
			sourceTree = "<group>";
		};
/* End PBXVariantGroup section */

/* Begin XCBuildConfiguration section */
		FBA4C47320374748008B8FDA /* Debug */ = {
			isa = XCBuildConfiguration;
			buildSettings = {
				ALWAYS_SEARCH_USER_PATHS = NO;
				CLANG_ANALYZER_NONNULL = YES;
				CLANG_ANALYZER_NUMBER_OBJECT_CONVERSION = YES_AGGRESSIVE;
				CLANG_CXX_LANGUAGE_STANDARD = "gnu++14";
				CLANG_CXX_LIBRARY = "libc++";
				CLANG_ENABLE_MODULES = YES;
				CLANG_ENABLE_OBJC_ARC = YES;
				CLANG_WARN_BLOCK_CAPTURE_AUTORELEASING = YES;
				CLANG_WARN_BOOL_CONVERSION = YES;
				CLANG_WARN_COMMA = YES;
				CLANG_WARN_CONSTANT_CONVERSION = YES;
				CLANG_WARN_DIRECT_OBJC_ISA_USAGE = YES_ERROR;
				CLANG_WARN_DOCUMENTATION_COMMENTS = YES;
				CLANG_WARN_EMPTY_BODY = YES;
				CLANG_WARN_ENUM_CONVERSION = YES;
				CLANG_WARN_INFINITE_RECURSION = YES;
				CLANG_WARN_INT_CONVERSION = YES;
				CLANG_WARN_NON_LITERAL_NULL_CONVERSION = YES;
				CLANG_WARN_OBJC_LITERAL_CONVERSION = YES;
				CLANG_WARN_OBJC_ROOT_CLASS = YES_ERROR;
				CLANG_WARN_RANGE_LOOP_ANALYSIS = YES;
				CLANG_WARN_STRICT_PROTOTYPES = YES;
				CLANG_WARN_SUSPICIOUS_MOVE = YES;
				CLANG_WARN_UNGUARDED_AVAILABILITY = YES_AGGRESSIVE;
				CLANG_WARN_UNREACHABLE_CODE = YES;
				CLANG_WARN__DUPLICATE_METHOD_MATCH = YES;
				CODE_SIGN_IDENTITY = "iPhone Developer";
				COPY_PHASE_STRIP = NO;
				DEBUG_INFORMATION_FORMAT = dwarf;
				ENABLE_STRICT_OBJC_MSGSEND = YES;
				ENABLE_TESTABILITY = YES;
				GCC_C_LANGUAGE_STANDARD = gnu11;
				GCC_DYNAMIC_NO_PIC = NO;
				GCC_NO_COMMON_BLOCKS = YES;
				GCC_OPTIMIZATION_LEVEL = 0;
				GCC_PREPROCESSOR_DEFINITIONS = (
					"DEBUG=1",
					"$(inherited)",
				);
				GCC_WARN_64_TO_32_BIT_CONVERSION = YES;
				GCC_WARN_ABOUT_RETURN_TYPE = YES_ERROR;
				GCC_WARN_UNDECLARED_SELECTOR = YES;
				GCC_WARN_UNINITIALIZED_AUTOS = YES_AGGRESSIVE;
				GCC_WARN_UNUSED_FUNCTION = YES;
				GCC_WARN_UNUSED_VARIABLE = YES;
				IPHONEOS_DEPLOYMENT_TARGET = 11.2;
				MTL_ENABLE_DEBUG_INFO = YES;
				ONLY_ACTIVE_ARCH = YES;
				SDKROOT = iphoneos;
				SWIFT_ACTIVE_COMPILATION_CONDITIONS = DEBUG;
				SWIFT_OPTIMIZATION_LEVEL = "-Onone";
			};
			name = Debug;
		};
		FBA4C47420374748008B8FDA /* Release */ = {
			isa = XCBuildConfiguration;
			buildSettings = {
				ALWAYS_SEARCH_USER_PATHS = NO;
				CLANG_ANALYZER_NONNULL = YES;
				CLANG_ANALYZER_NUMBER_OBJECT_CONVERSION = YES_AGGRESSIVE;
				CLANG_CXX_LANGUAGE_STANDARD = "gnu++14";
				CLANG_CXX_LIBRARY = "libc++";
				CLANG_ENABLE_MODULES = YES;
				CLANG_ENABLE_OBJC_ARC = YES;
				CLANG_WARN_BLOCK_CAPTURE_AUTORELEASING = YES;
				CLANG_WARN_BOOL_CONVERSION = YES;
				CLANG_WARN_COMMA = YES;
				CLANG_WARN_CONSTANT_CONVERSION = YES;
				CLANG_WARN_DIRECT_OBJC_ISA_USAGE = YES_ERROR;
				CLANG_WARN_DOCUMENTATION_COMMENTS = YES;
				CLANG_WARN_EMPTY_BODY = YES;
				CLANG_WARN_ENUM_CONVERSION = YES;
				CLANG_WARN_INFINITE_RECURSION = YES;
				CLANG_WARN_INT_CONVERSION = YES;
				CLANG_WARN_NON_LITERAL_NULL_CONVERSION = YES;
				CLANG_WARN_OBJC_LITERAL_CONVERSION = YES;
				CLANG_WARN_OBJC_ROOT_CLASS = YES_ERROR;
				CLANG_WARN_RANGE_LOOP_ANALYSIS = YES;
				CLANG_WARN_STRICT_PROTOTYPES = YES;
				CLANG_WARN_SUSPICIOUS_MOVE = YES;
				CLANG_WARN_UNGUARDED_AVAILABILITY = YES_AGGRESSIVE;
				CLANG_WARN_UNREACHABLE_CODE = YES;
				CLANG_WARN__DUPLICATE_METHOD_MATCH = YES;
				CODE_SIGN_IDENTITY = "iPhone Developer";
				COPY_PHASE_STRIP = NO;
				DEBUG_INFORMATION_FORMAT = "dwarf-with-dsym";
				ENABLE_NS_ASSERTIONS = NO;
				ENABLE_STRICT_OBJC_MSGSEND = YES;
				GCC_C_LANGUAGE_STANDARD = gnu11;
				GCC_NO_COMMON_BLOCKS = YES;
				GCC_WARN_64_TO_32_BIT_CONVERSION = YES;
				GCC_WARN_ABOUT_RETURN_TYPE = YES_ERROR;
				GCC_WARN_UNDECLARED_SELECTOR = YES;
				GCC_WARN_UNINITIALIZED_AUTOS = YES_AGGRESSIVE;
				GCC_WARN_UNUSED_FUNCTION = YES;
				GCC_WARN_UNUSED_VARIABLE = YES;
				IPHONEOS_DEPLOYMENT_TARGET = 11.2;
				MTL_ENABLE_DEBUG_INFO = NO;
				SDKROOT = iphoneos;
				SWIFT_OPTIMIZATION_LEVEL = "-Owholemodule";
				VALIDATE_PRODUCT = YES;
			};
			name = Release;
		};
		FBA4C47620374748008B8FDA /* Debug */ = {
			isa = XCBuildConfiguration;
			buildSettings = {
				ASSETCATALOG_COMPILER_APPICON_NAME = AppIcon;
				CODE_SIGN_STYLE = Automatic;
				DEVELOPMENT_TEAM = X763B5LW8Z;
				INFOPLIST_FILE = MemeMe/Info.plist;
				LD_RUNPATH_SEARCH_PATHS = "$(inherited) @executable_path/Frameworks";
				PRODUCT_BUNDLE_IDENTIFIER = com.WandererRae.MemeMe;
				PRODUCT_NAME = "$(TARGET_NAME)";
				SWIFT_VERSION = 4.0;
				TARGETED_DEVICE_FAMILY = "1,2";
			};
			name = Debug;
		};
		FBA4C47720374748008B8FDA /* Release */ = {
			isa = XCBuildConfiguration;
			buildSettings = {
				ASSETCATALOG_COMPILER_APPICON_NAME = AppIcon;
				CODE_SIGN_STYLE = Automatic;
				DEVELOPMENT_TEAM = X763B5LW8Z;
				INFOPLIST_FILE = MemeMe/Info.plist;
				LD_RUNPATH_SEARCH_PATHS = "$(inherited) @executable_path/Frameworks";
				PRODUCT_BUNDLE_IDENTIFIER = com.WandererRae.MemeMe;
				PRODUCT_NAME = "$(TARGET_NAME)";
				SWIFT_VERSION = 4.0;
				TARGETED_DEVICE_FAMILY = "1,2";
			};
			name = Release;
		};
/* End XCBuildConfiguration section */

/* Begin XCConfigurationList section */
		FBA4C45E20374747008B8FDA /* Build configuration list for PBXProject "MemeMe" */ = {
			isa = XCConfigurationList;
			buildConfigurations = (
				FBA4C47320374748008B8FDA /* Debug */,
				FBA4C47420374748008B8FDA /* Release */,
			);
			defaultConfigurationIsVisible = 0;
			defaultConfigurationName = Release;
		};
		FBA4C47520374748008B8FDA /* Build configuration list for PBXNativeTarget "MemeMe" */ = {
			isa = XCConfigurationList;
			buildConfigurations = (
				FBA4C47620374748008B8FDA /* Debug */,
				FBA4C47720374748008B8FDA /* Release */,
			);
			defaultConfigurationIsVisible = 0;
			defaultConfigurationName = Release;
		};
/* End XCConfigurationList section */
	};
	rootObject = FBA4C45B20374747008B8FDA /* Project object */;
}
